
Microsoft Visual Studio Solution File, Format Version 12.00
# Visual Studio Version 17
VisualStudioVersion = 17.2.32630.192
MinimumVisualStudioVersion = 10.0.40219.1
Project("{FAE04EC0-301F-11D3-BF4B-00C04F79EFBC}") = "FlappyBirdGame", "FlappyBirdGame\FlappyBirdGame.csproj", "{BD23078A-72A0-4E9C-9FE8-48BD9A267558}"
EndProject
Global
	GlobalSection(SolutionConfigurationPlatforms) = preSolution
		Debug|Any CPU = Debug|Any CPU
		Release|Any CPU = Release|Any CPU
	EndGlobalSection
	GlobalSection(ProjectConfigurationPlatforms) = postSolution
		{BD23078A-72A0-4E9C-9FE8-48BD9A267558}.Debug|Any CPU.ActiveCfg = Debug|Any CPU
		{BD23078A-72A0-4E9C-9FE8-48BD9A267558}.Debug|Any CPU.Build.0 = Debug|Any CPU
		{BD23078A-72A0-4E9C-9FE8-48BD9A267558}.Release|Any CPU.ActiveCfg = Release|Any CPU
		{BD23078A-72A0-4E9C-9FE8-48BD9A267558}.Release|Any CPU.Build.0 = Release|Any CPU
	EndGlobalSection
	GlobalSection(SolutionProperties) = preSolution
		HideSolutionNode = FALSE
	EndGlobalSection
	GlobalSection(ExtensibilityGlobals) = postSolution
		SolutionGuid = {C7B4BA6C-9993-4DB9-96EA-EA6761D2B373}
	EndGlobalSection
EndGlobal
